
Microsoft Visual Studio Solution File, Format Version 12.00
# Visual Studio Version 17
VisualStudioVersion = 17.1.32328.378
MinimumVisualStudioVersion = 10.0.40219.1
Project("{8BC9CEB8-8B4A-11D0-8D11-00A0C91BC942}") = "test_8_1", "test_8_1\test_8_1.vcxproj", "{35ADCFD2-0C46-4A30-8FCB-97DC8C9609CE}"
EndProject
Global
	GlobalSection(SolutionConfigurationPlatforms) = preSolution
		Debug|x64 = Debug|x64
		Debug|x86 = Debug|x86
		Release|x64 = Release|x64
		Release|x86 = Release|x86
	EndGlobalSection
	GlobalSection(ProjectConfigurationPlatforms) = postSolution
		{35ADCFD2-0C46-4A30-8FCB-97DC8C9609CE}.Debug|x64.ActiveCfg = Debug|x64
		{35ADCFD2-0C46-4A30-8FCB-97DC8C9609CE}.Debug|x64.Build.0 = Debug|x64
		{35ADCFD2-0C46-4A30-8FCB-97DC8C9609CE}.Debug|x86.ActiveCfg = Debug|Win32
		{35ADCFD2-0C46-4A30-8FCB-97DC8C9609CE}.Debug|x86.Build.0 = Debug|Win32
		{35ADCFD2-0C46-4A30-8FCB-97DC8C9609CE}.Release|x64.ActiveCfg = Release|x64
		{35ADCFD2-0C46-4A30-8FCB-97DC8C9609CE}.Release|x64.Build.0 = Release|x64
		{35ADCFD2-0C46-4A30-8FCB-97DC8C9609CE}.Release|x86.ActiveCfg = Release|Win32
		{35ADCFD2-0C46-4A30-8FCB-97DC8C9609CE}.Release|x86.Build.0 = Release|Win32
	EndGlobalSection
	GlobalSection(SolutionProperties) = preSolution
		HideSolutionNode = FALSE
	EndGlobalSection
	GlobalSection(ExtensibilityGlobals) = postSolution
		SolutionGuid = {5CC68C1A-C40C-4925-99D1-DF6585967878}
	EndGlobalSection
EndGlobal
